Microsoft Visual Studio Solution File, Format Version 11.00
# Visual Studio 2008

Project("{184E3DA8-5216-0EC5-FC7B-F8279551D338}") = "AtomAR_Unity", "Assembly-CSharp.csproj", "{6625F8A1-A679-D740-49EA-1C82763AA5FF}"
EndProject
Project("{184E3DA8-5216-0EC5-FC7B-F8279551D338}") = "AtomAR_Unity", "Assembly-CSharp-Editor.csproj", "{CD692D24-2F32-8FBB-B17F-F9C22B40CEE9}"
EndProject
Global
	GlobalSection(SolutionConfigurationPlatforms) = preSolution
		Debug|Any CPU = Debug|Any CPU
		Release|Any CPU = Release|Any CPU
	EndGlobalSection
	GlobalSection(ProjectConfigurationPlatforms) = postSolution
		{6625F8A1-A679-D740-49EA-1C82763AA5FF}.Debug|Any CPU.ActiveCfg = Debug|Any CPU
		{6625F8A1-A679-D740-49EA-1C82763AA5FF}.Debug|Any CPU.Build.0 = Debug|Any CPU
		{6625F8A1-A679-D740-49EA-1C82763AA5FF}.Release|Any CPU.ActiveCfg = Release|Any CPU
		{6625F8A1-A679-D740-49EA-1C82763AA5FF}.Release|Any CPU.Build.0 = Release|Any CPU
		{CD692D24-2F32-8FBB-B17F-F9C22B40CEE9}.Debug|Any CPU.ActiveCfg = Debug|Any CPU
		{CD692D24-2F32-8FBB-B17F-F9C22B40CEE9}.Debug|Any CPU.Build.0 = Debug|Any CPU
		{CD692D24-2F32-8FBB-B17F-F9C22B40CEE9}.Release|Any CPU.ActiveCfg = Release|Any CPU
		{CD692D24-2F32-8FBB-B17F-F9C22B40CEE9}.Release|Any CPU.Build.0 = Release|Any CPU
	EndGlobalSection
	GlobalSection(SolutionProperties) = preSolution
		HideSolutionNode = FALSE
	EndGlobalSection
	GlobalSection(MonoDevelopProperties) = preSolution
		StartupItem = Assembly-CSharp.csproj
	EndGlobalSection
EndGlobal
